{
	"name": "@hopin/pi-workflow",
	"version": "0.0.21",
	"lockfileVersion": 1,
	"requires": true,
	"dependencies": {
		"@hopin/logger": {
			"version": "2.0.0",
			"resolved": "https://registry.npmjs.org/@hopin/logger/-/logger-2.0.0.tgz",
			"integrity": "sha512-npE/P+BphVBCPBL67AYfPzRDQ+/tAyVHNbPRb0dnfnek3gadpszeZsw0TvxDjYE6s9r85fZb9zLRgcdr84I5Rg=="
		},
		"@mh-cbon/aghfabsowecwn": {
			"version": "2.0.4",
			"resolved": "https://registry.npmjs.org/@mh-cbon/aghfabsowecwn/-/aghfabsowecwn-2.0.4.tgz",
			"integrity": "sha1-4q3m4MzTY0SbqvabI+OgVCJ2PSc=",
			"requires": {
				"@mh-cbon/remote-child_process": "^1.0.1",
				"debug": "^2.2.0",
				"get-port": "^2.1.0"
			}
		},
		"@mh-cbon/c-aghfabsowecwn": {
			"version": "1.0.2",
			"resolved": "https://registry.npmjs.org/@mh-cbon/c-aghfabsowecwn/-/c-aghfabsowecwn-1.0.2.tgz",
			"integrity": "sha1-2AFAh9XKtaWgVkXO2MWxOrto0pA=",
			"requires": {
				"@mh-cbon/aghfabsowecwn": "^2.0.2",
				"@mh-cbon/remote-child_process": "^1.0.2",
				"get-port": "^2.1.0",
				"randomstring": "^1.1.4",
				"tmp": "0.0.28"
			}
		},
		"@mh-cbon/c-yasudo": {
			"version": "1.0.2",
			"resolved": "https://registry.npmjs.org/@mh-cbon/c-yasudo/-/c-yasudo-1.0.2.tgz",
			"integrity": "sha1-tCmrlO5E8uFrvjn1Yso6aAw9mgc=",
			"requires": {
				"@mh-cbon/yasudo": "^1.0.10"
			}
		},
		"@mh-cbon/catf": {
			"version": "1.0.2",
			"resolved": "https://registry.npmjs.org/@mh-cbon/catf/-/catf-1.0.2.tgz",
			"integrity": "sha1-6I0csP+mzaCGLddpBlU0uWKODDg="
		},
		"@mh-cbon/ls-json": {
			"version": "1.0.1",
			"resolved": "https://registry.npmjs.org/@mh-cbon/ls-json/-/ls-json-1.0.1.tgz",
			"integrity": "sha1-8IVN06tTBl3EAjpgjO8VY3NKiko="
		},
		"@mh-cbon/remote-child_process": {
			"version": "1.0.7",
			"resolved": "https://registry.npmjs.org/@mh-cbon/remote-child_process/-/remote-child_process-1.0.7.tgz",
			"integrity": "sha1-T3xglesUBAtV/U/9nlCmMFltb+8=",
			"requires": {
				"async": "^1.5.2",
				"debug": "^2.2.0",
				"pump": "^1.0.1",
				"pumpify": "^1.3.4",
				"split": "^1.0.0",
				"through2": "^2.0.1"
			}
		},
		"@mh-cbon/sudo-fs": {
			"version": "1.0.17",
			"resolved": "https://registry.npmjs.org/@mh-cbon/sudo-fs/-/sudo-fs-1.0.17.tgz",
			"integrity": "sha1-1LxblBTD/7q2xFjs4LvbzERfKSk=",
			"requires": {
				"@mh-cbon/c-aghfabsowecwn": "^1.0.2",
				"@mh-cbon/c-yasudo": "^1.0.1",
				"@mh-cbon/catf": "^1.0.2",
				"@mh-cbon/ls-json": "^1.0.1",
				"@mh-cbon/write": "^1.0.1",
				"@mh-cbon/yasudo": "^1.0.7",
				"mississippi": "^1.2.0",
				"mkdirp": "^0.5.1",
				"rimraf": "^2.5.2",
				"touch": "^1.0.0"
			}
		},
		"@mh-cbon/write": {
			"version": "1.0.1",
			"resolved": "https://registry.npmjs.org/@mh-cbon/write/-/write-1.0.1.tgz",
			"integrity": "sha1-tF8tIQakMQOcDpKq2OW4NdSR83k=",
			"requires": {
				"minimist": "^1.2.0"
			}
		},
		"@mh-cbon/yasudo": {
			"version": "1.0.10",
			"resolved": "https://registry.npmjs.org/@mh-cbon/yasudo/-/yasudo-1.0.10.tgz",
			"integrity": "sha1-NMuaiQn59+mZX2doiTqGDiag6ho=",
			"requires": {
				"debug": "^2.2.0",
				"inpath": "^1.0.2",
				"randomstring": "^1.1.4",
				"through2": "^2.0.1"
			}
		},
		"abbrev": {
			"version": "1.1.1",
			"resolved": "https://registry.npmjs.org/abbrev/-/abbrev-1.1.1.tgz",
			"integrity": "sha512-nne9/IiQ/hzIhY6pdDnbBtz7DjPTKrY00P/zvPSm5pOFkl6xuGrGnXn/VtTNNfNtAfZ9/1RtehkszU9qcTii0Q=="
		},
		"ansi-styles": {
			"version": "4.3.0",
			"resolved": "https://registry.npmjs.org/ansi-styles/-/ansi-styles-4.3.0.tgz",
			"integrity": "sha512-zbB9rCJAT1rbjiVDb2hqKFHNYLxgtk8NURxZ3IZwD3F6NtxbXZQCnnSi1Lkx+IDohdPlFp222wVALIheZJQSEg==",
			"requires": {
				"color-convert": "^2.0.1"
			}
		},
		"array-flatten": {
			"version": "2.1.2",
			"resolved": "https://registry.npmjs.org/array-flatten/-/array-flatten-2.1.2.tgz",
			"integrity": "sha512-hNfzcOV8W4NdualtqBFPyVO+54DSJuZGY9qT4pRroB6S9e3iiido2ISIC5h9R2sPJ8H3FHCIiEnsv1lPXO3KtQ=="
		},
		"array-uniq": {
			"version": "1.0.2",
			"resolved": "https://registry.npmjs.org/array-uniq/-/array-uniq-1.0.2.tgz",
			"integrity": "sha1-X8w3OSB3VyPP1k1lxkvvU7+eum0="
		},
		"async": {
			"version": "1.5.2",
			"resolved": "https://registry.npmjs.org/async/-/async-1.5.2.tgz",
			"integrity": "sha1-7GphrlZIDAw8skHJVhjiCJL5Zyo="
		},
		"balanced-match": {
			"version": "1.0.0",
			"resolved": "https://registry.npmjs.org/balanced-match/-/balanced-match-1.0.0.tgz",
			"integrity": "sha1-ibTRmasr7kneFk6gK4nORi1xt2c="
		},
		"bonjour": {
			"version": "3.5.0",
			"resolved": "https://registry.npmjs.org/bonjour/-/bonjour-3.5.0.tgz",
			"integrity": "sha1-jokKGD2O6aI5OzhExpGkK897yfU=",
			"requires": {
				"array-flatten": "^2.1.0",
				"deep-equal": "^1.0.1",
				"dns-equal": "^1.0.0",
				"dns-txt": "^2.0.2",
				"multicast-dns": "^6.0.1",
				"multicast-dns-service-types": "^1.1.0"
			}
		},
		"brace-expansion": {
			"version": "1.1.11",
			"resolved": "https://registry.npmjs.org/brace-expansion/-/brace-expansion-1.1.11.tgz",
			"integrity": "sha512-iCuPHDFgrHX7H2vEI/5xpz07zSHB00TpugqhmYtVmMO6518mCuRMoOYFldEBl0g187ufozdaHgWKcYFb61qGiA==",
			"requires": {
				"balanced-match": "^1.0.0",
				"concat-map": "0.0.1"
			}
		},
		"buffer-from": {
			"version": "1.1.1",
			"resolved": "https://registry.npmjs.org/buffer-from/-/buffer-from-1.1.1.tgz",
			"integrity": "sha512-MQcXEUbCKtEo7bhqEs6560Hyd4XaovZlO/k9V3hjVUF/zwW7KBVdSK4gIt/bzwS9MbR5qob+F5jusZsb0YQK2A=="
		},
		"buffer-indexof": {
			"version": "1.1.1",
			"resolved": "https://registry.npmjs.org/buffer-indexof/-/buffer-indexof-1.1.1.tgz",
			"integrity": "sha512-4/rOEg86jivtPTeOUUT61jJO1Ya1TrR/OkqCSZDyq84WJh3LuuiphBYJN+fm5xufIk4XAFcEwte/8WzC8If/1g=="
		},
		"chalk": {
			"version": "4.1.0",
			"resolved": "https://registry.npmjs.org/chalk/-/chalk-4.1.0.tgz",
			"integrity": "sha512-qwx12AxXe2Q5xQ43Ac//I6v5aXTipYrSESdOgzrN+9XjgEpyjpKuvSGaN4qE93f7TQTlerQQ8S+EQ0EyDoVL1A==",
			"requires": {
				"ansi-styles": "^4.1.0",
				"supports-color": "^7.1.0"
			}
		},
		"color-convert": {
			"version": "2.0.1",
			"resolved": "https://registry.npmjs.org/color-convert/-/color-convert-2.0.1.tgz",
			"integrity": "sha512-RRECPsj7iu/xb5oKYcsFHSppFNnsj/52OVTRKb4zP5onXwVF3zVmmToNcOfGC+CRDpfK/U584fMg38ZHCaElKQ==",
			"requires": {
				"color-name": "~1.1.4"
			}
		},
		"color-name": {
			"version": "1.1.4",
			"resolved": "https://registry.npmjs.org/color-name/-/color-name-1.1.4.tgz",
			"integrity": "sha512-dOy+3AuW3a2wNbZHIuMZpTcgjGuLU/uBL/ubcZF9OXbDo8ff4O8yVp5Bf0efS8uEoYo5q4Fx7dY9OgQGXgAsQA=="
		},
		"concat-map": {
			"version": "0.0.1",
			"resolved": "https://registry.npmjs.org/concat-map/-/concat-map-0.0.1.tgz",
			"integrity": "sha1-2Klr13/Wjfd5OnMDajug1UBdR3s="
		},
		"concat-stream": {
			"version": "1.6.2",
			"resolved": "https://registry.npmjs.org/concat-stream/-/concat-stream-1.6.2.tgz",
			"integrity": "sha512-27HBghJxjiZtIk3Ycvn/4kbJk/1uZuJFfuPEns6LaEvpvG1f0hTea8lilrouyo9mVc2GWdcEZ8OLoGmSADlrCw==",
			"requires": {
				"buffer-from": "^1.0.0",
				"inherits": "^2.0.3",
				"readable-stream": "^2.2.2",
				"typedarray": "^0.0.6"
			}
		},
		"core-util-is": {
			"version": "1.0.2",
			"resolved": "https://registry.npmjs.org/core-util-is/-/core-util-is-1.0.2.tgz",
			"integrity": "sha1-tf1UIgqivFq1eqtxQMlAdUUDwac="
		},
		"cyclist": {
			"version": "0.2.2",
			"resolved": "https://registry.npmjs.org/cyclist/-/cyclist-0.2.2.tgz",
			"integrity": "sha1-GzN5LhHpFKL9bW7WRHRkRE5fpkA="
		},
		"debug": {
			"version": "2.6.9",
			"resolved": "https://registry.npmjs.org/debug/-/debug-2.6.9.tgz",
			"integrity": "sha512-bC7ElrdJaJnPbAP+1EotYvqZsb3ecl5wi6Bfi6BJTUcNowp6cvspg0jXznRTKDjm/E7AdgFBVeAPVMNcKGsHMA==",
			"requires": {
				"ms": "2.0.0"
			}
		},
		"deep-equal": {
			"version": "1.0.1",
			"resolved": "https://registry.npmjs.org/deep-equal/-/deep-equal-1.0.1.tgz",
			"integrity": "sha1-9dJgKStmDghO/0zbyfCK0yR0SLU="
		},
		"dns-equal": {
			"version": "1.0.0",
			"resolved": "https://registry.npmjs.org/dns-equal/-/dns-equal-1.0.0.tgz",
			"integrity": "sha1-s55/HabrCnW6nBcySzR1PEfgZU0="
		},
		"dns-packet": {
			"version": "1.3.1",
			"resolved": "https://registry.npmjs.org/dns-packet/-/dns-packet-1.3.1.tgz",
			"integrity": "sha512-0UxfQkMhYAUaZI+xrNZOz/as5KgDU0M/fQ9b6SpkyLbk3GEswDi6PADJVaYJradtRVsRIlF1zLyOodbcTCDzUg==",
			"requires": {
				"ip": "^1.1.0",
				"safe-buffer": "^5.0.1"
			}
		},
		"dns-txt": {
			"version": "2.0.2",
			"resolved": "https://registry.npmjs.org/dns-txt/-/dns-txt-2.0.2.tgz",
			"integrity": "sha1-uR2Ab10nGI5Ks+fRB9iBocxGQrY=",
			"requires": {
				"buffer-indexof": "^1.0.0"
			}
		},
		"duplexify": {
			"version": "3.6.1",
			"resolved": "https://registry.npmjs.org/duplexify/-/duplexify-3.6.1.tgz",
			"integrity": "sha512-vM58DwdnKmty+FSPzT14K9JXb90H+j5emaR4KYbr2KTIz00WHGbWOe5ghQTx233ZCLZtrGDALzKwcjEtSt35mA==",
			"requires": {
				"end-of-stream": "^1.0.0",
				"inherits": "^2.0.1",
				"readable-stream": "^2.0.0",
				"stream-shift": "^1.0.0"
			}
		},
		"end-of-stream": {
			"version": "1.4.1",
			"resolved": "https://registry.npmjs.org/end-of-stream/-/end-of-stream-1.4.1.tgz",
			"integrity": "sha512-1MkrZNvWTKCaigbn+W15elq2BB/L22nqrSY5DKlo3X6+vclJm8Bb5djXJBmEX6fS3+zCh/F4VBK5Z2KxJt4s2Q==",
			"requires": {
				"once": "^1.4.0"
			}
		},
		"flush-write-stream": {
			"version": "1.0.3",
			"resolved": "https://registry.npmjs.org/flush-write-stream/-/flush-write-stream-1.0.3.tgz",
			"integrity": "sha512-calZMC10u0FMUqoiunI2AiGIIUtUIvifNwkHhNupZH4cbNnW1Itkoh/Nf5HFYmDrwWPjrUxpkZT0KhuCq0jmGw==",
			"requires": {
				"inherits": "^2.0.1",
				"readable-stream": "^2.0.4"
			}
		},
		"from2": {
			"version": "2.3.0",
			"resolved": "https://registry.npmjs.org/from2/-/from2-2.3.0.tgz",
			"integrity": "sha1-i/tVAr3kpNNs/e6gB/zKIdfjgq8=",
			"requires": {
				"inherits": "^2.0.1",
				"readable-stream": "^2.0.0"
			}
		},
		"fs-extra": {
			"version": "7.0.1",
			"resolved": "https://registry.npmjs.org/fs-extra/-/fs-extra-7.0.1.tgz",
			"integrity": "sha512-YJDaCJZEnBmcbw13fvdAM9AwNOJwOzrE4pqMqBq5nFiEqXUqHwlK4B+3pUw6JNvfSPtX05xFHtYy/1ni01eGCw==",
			"requires": {
				"graceful-fs": "^4.1.2",
				"jsonfile": "^4.0.0",
				"universalify": "^0.1.0"
			}
		},
		"fs.realpath": {
			"version": "1.0.0",
			"resolved": "https://registry.npmjs.org/fs.realpath/-/fs.realpath-1.0.0.tgz",
			"integrity": "sha1-FQStJSMVjKpA20onh8sBQRmU6k8="
		},
		"get-port": {
			"version": "2.1.0",
			"resolved": "https://registry.npmjs.org/get-port/-/get-port-2.1.0.tgz",
			"integrity": "sha1-h4P53OvR7qSVozThpqJR54iHqxo=",
			"requires": {
				"pinkie-promise": "^2.0.0"
			}
		},
		"glob": {
			"version": "7.1.3",
			"resolved": "https://registry.npmjs.org/glob/-/glob-7.1.3.tgz",
			"integrity": "sha512-vcfuiIxogLV4DlGBHIUOwI0IbrJ8HWPc4MU7HzviGeNho/UJDfi6B5p3sHeWIQ0KGIU0Jpxi5ZHxemQfLkkAwQ==",
			"requires": {
				"fs.realpath": "^1.0.0",
				"inflight": "^1.0.4",
				"inherits": "2",
				"minimatch": "^3.0.4",
				"once": "^1.3.0",
				"path-is-absolute": "^1.0.0"
			}
		},
		"graceful-fs": {
			"version": "4.1.15",
			"resolved": "https://registry.npmjs.org/graceful-fs/-/graceful-fs-4.1.15.tgz",
			"integrity": "sha512-6uHUhOPEBgQ24HM+r6b/QwWfZq+yiFcipKFrOFiBEnWdy5sdzYoi+pJeQaPI5qOLRFqWmAXUPQNsielzdLoecA=="
		},
		"has-flag": {
			"version": "4.0.0",
			"resolved": "https://registry.npmjs.org/has-flag/-/has-flag-4.0.0.tgz",
			"integrity": "sha512-EykJT/Q1KjTWctppgIAgfSO0tKVuZUjhgMr17kqTumMl6Afv3EISleU7qZUzoXDFTAHTDC4NOoG/ZxU3EvlMPQ=="
		},
		"inflight": {
			"version": "1.0.6",
			"resolved": "https://registry.npmjs.org/inflight/-/inflight-1.0.6.tgz",
			"integrity": "sha1-Sb1jMdfQLQwJvJEKEHW6gWW1bfk=",
			"requires": {
				"once": "^1.3.0",
				"wrappy": "1"
			}
		},
		"inherits": {
			"version": "2.0.3",
			"resolved": "https://registry.npmjs.org/inherits/-/inherits-2.0.3.tgz",
			"integrity": "sha1-Yzwsg+PaQqUC9SRmAiSA9CCCYd4="
		},
		"inpath": {
			"version": "1.0.2",
			"resolved": "https://registry.npmjs.org/inpath/-/inpath-1.0.2.tgz",
			"integrity": "sha1-SsIZcQ7Hpy9GD/lL9CTdPvDlKBc="
		},
		"ip": {
			"version": "1.1.5",
			"resolved": "https://registry.npmjs.org/ip/-/ip-1.1.5.tgz",
			"integrity": "sha1-vd7XARQpCCjAoDnnLvJfWq7ENUo="
		},
		"isarray": {
			"version": "1.0.0",
			"resolved": "https://registry.npmjs.org/isarray/-/isarray-1.0.0.tgz",
			"integrity": "sha1-u5NdSFgsuhaMBoNJV6VKPgcSTxE="
		},
		"jsonfile": {
			"version": "4.0.0",
			"resolved": "https://registry.npmjs.org/jsonfile/-/jsonfile-4.0.0.tgz",
			"integrity": "sha1-h3Gq4HmbZAdrdmQPygWPnBDjPss=",
			"requires": {
				"graceful-fs": "^4.1.6"
			}
		},
		"minimatch": {
			"version": "3.0.4",
			"resolved": "https://registry.npmjs.org/minimatch/-/minimatch-3.0.4.tgz",
			"integrity": "sha512-yJHVQEhyqPLUTgt9B83PXu6W3rx4MvvHvSUvToogpwoGDOUQ+yDrR0HRot+yOCdCO7u4hX3pWft6kWBBcqh0UA==",
			"requires": {
				"brace-expansion": "^1.1.7"
			}
		},
		"minimist": {
			"version": "1.2.0",
			"resolved": "https://registry.npmjs.org/minimist/-/minimist-1.2.0.tgz",
			"integrity": "sha1-o1AIsg9BOD7sH7kU9M1d95omQoQ="
		},
		"mississippi": {
			"version": "1.3.1",
			"resolved": "https://registry.npmjs.org/mississippi/-/mississippi-1.3.1.tgz",
			"integrity": "sha512-/6rB8YXFbAtsUVRphIRQqB0+9c7VaPHCjVtvto+JqwVxgz8Zz+I+f68/JgQ+Pb4VlZb2svA9OtdXnHHsZz7ltg==",
			"requires": {
				"concat-stream": "^1.5.0",
				"duplexify": "^3.4.2",
				"end-of-stream": "^1.1.0",
				"flush-write-stream": "^1.0.0",
				"from2": "^2.1.0",
				"parallel-transform": "^1.1.0",
				"pump": "^1.0.0",
				"pumpify": "^1.3.3",
				"stream-each": "^1.1.0",
				"through2": "^2.0.0"
			}
		},
		"mkdirp": {
			"version": "0.5.1",
			"resolved": "https://registry.npmjs.org/mkdirp/-/mkdirp-0.5.1.tgz",
			"integrity": "sha1-MAV0OOrGz3+MR2fzhkjWaX11yQM=",
			"requires": {
				"minimist": "0.0.8"
			},
			"dependencies": {
				"minimist": {
					"version": "0.0.8",
					"resolved": "https://registry.npmjs.org/minimist/-/minimist-0.0.8.tgz",
					"integrity": "sha1-hX/Kv8M5fSYluCKCYuhqp6ARsF0="
				}
			}
		},
		"ms": {
			"version": "2.0.0",
			"resolved": "https://registry.npmjs.org/ms/-/ms-2.0.0.tgz",
			"integrity": "sha1-VgiurfwAvmwpAd9fmGF4jeDVl8g="
		},
		"multicast-dns": {
			"version": "6.2.3",
			"resolved": "https://registry.npmjs.org/multicast-dns/-/multicast-dns-6.2.3.tgz",
			"integrity": "sha512-ji6J5enbMyGRHIAkAOu3WdV8nggqviKCEKtXcOqfphZZtQrmHKycfynJ2V7eVPUA4NhJ6V7Wf4TmGbTwKE9B6g==",
			"requires": {
				"dns-packet": "^1.3.1",
				"thunky": "^1.0.2"
			}
		},
		"multicast-dns-service-types": {
			"version": "1.1.0",
			"resolved": "https://registry.npmjs.org/multicast-dns-service-types/-/multicast-dns-service-types-1.1.0.tgz",
			"integrity": "sha1-iZ8R2WhuXgXLkbNdXw5jt3PPyQE="
		},
		"nopt": {
			"version": "1.0.10",
			"resolved": "https://registry.npmjs.org/nopt/-/nopt-1.0.10.tgz",
			"integrity": "sha1-bd0hvSoxQXuScn3Vhfim83YI6+4=",
			"requires": {
				"abbrev": "1"
			}
		},
		"once": {
			"version": "1.4.0",
			"resolved": "https://registry.npmjs.org/once/-/once-1.4.0.tgz",
			"integrity": "sha1-WDsap3WWHUsROsF9nFC6753Xa9E=",
			"requires": {
				"wrappy": "1"
			}
		},
		"os-tmpdir": {
			"version": "1.0.2",
			"resolved": "https://registry.npmjs.org/os-tmpdir/-/os-tmpdir-1.0.2.tgz",
			"integrity": "sha1-u+Z0BseaqFxc/sdm/lc0VV36EnQ="
		},
		"parallel-transform": {
			"version": "1.1.0",
			"resolved": "https://registry.npmjs.org/parallel-transform/-/parallel-transform-1.1.0.tgz",
			"integrity": "sha1-1BDwZbBdojCB/NEPKIVMKb2jOwY=",
			"requires": {
				"cyclist": "~0.2.2",
				"inherits": "^2.0.3",
				"readable-stream": "^2.1.5"
			}
		},
		"path-is-absolute": {
			"version": "1.0.1",
			"resolved": "https://registry.npmjs.org/path-is-absolute/-/path-is-absolute-1.0.1.tgz",
			"integrity": "sha1-F0uSaHNVNP+8es5r9TpanhtcX18="
		},
		"pinkie": {
			"version": "2.0.4",
			"resolved": "https://registry.npmjs.org/pinkie/-/pinkie-2.0.4.tgz",
			"integrity": "sha1-clVrgM+g1IqXToDnckjoDtT3+HA="
		},
		"pinkie-promise": {
			"version": "2.0.1",
			"resolved": "https://registry.npmjs.org/pinkie-promise/-/pinkie-promise-2.0.1.tgz",
			"integrity": "sha1-ITXW36ejWMBprJsXh3YogihFD/o=",
			"requires": {
				"pinkie": "^2.0.0"
			}
		},
		"process-nextick-args": {
			"version": "2.0.0",
			"resolved": "https://registry.npmjs.org/process-nextick-args/-/process-nextick-args-2.0.0.tgz",
			"integrity": "sha512-MtEC1TqN0EU5nephaJ4rAtThHtC86dNN9qCuEhtshvpVBkAW5ZO7BASN9REnF9eoXGcRub+pFuKEpOHE+HbEMw=="
		},
		"pump": {
			"version": "1.0.3",
			"resolved": "https://registry.npmjs.org/pump/-/pump-1.0.3.tgz",
			"integrity": "sha512-8k0JupWme55+9tCVE+FS5ULT3K6AbgqrGa58lTT49RpyfwwcGedHqaC5LlQNdEAumn/wFsu6aPwkuPMioy8kqw==",
			"requires": {
				"end-of-stream": "^1.1.0",
				"once": "^1.3.1"
			}
		},
		"pumpify": {
			"version": "1.5.1",
			"resolved": "https://registry.npmjs.org/pumpify/-/pumpify-1.5.1.tgz",
			"integrity": "sha512-oClZI37HvuUJJxSKKrC17bZ9Cu0ZYhEAGPsPUy9KlMUmv9dKX2o77RUmq7f3XjIxbwyGwYzbzQ1L2Ks8sIradQ==",
			"requires": {
				"duplexify": "^3.6.0",
				"inherits": "^2.0.3",
				"pump": "^2.0.0"
			},
			"dependencies": {
				"pump": {
					"version": "2.0.1",
					"resolved": "https://registry.npmjs.org/pump/-/pump-2.0.1.tgz",
					"integrity": "sha512-ruPMNRkN3MHP1cWJc9OWr+T/xDP0jhXYCLfJcBuX54hhfIBnaQmAUMfDcG4DM5UMWByBbJY69QSphm3jtDKIkA==",
					"requires": {
						"end-of-stream": "^1.1.0",
						"once": "^1.3.1"
					}
				}
			}
		},
		"randomstring": {
			"version": "1.1.5",
			"resolved": "https://registry.npmjs.org/randomstring/-/randomstring-1.1.5.tgz",
			"integrity": "sha1-bfBij3XL1ZMpMNn+OrTpVqGFGMM=",
			"requires": {
				"array-uniq": "1.0.2"
			}
		},
		"readable-stream": {
			"version": "2.3.6",
			"resolved": "https://registry.npmjs.org/readable-stream/-/readable-stream-2.3.6.tgz",
			"integrity": "sha512-tQtKA9WIAhBF3+VLAseyMqZeBjW0AHJoxOtYqSUZNJxauErmLbVm2FW1y+J/YA9dUrAC39ITejlZWhVIwawkKw==",
			"requires": {
				"core-util-is": "~1.0.0",
				"inherits": "~2.0.3",
				"isarray": "~1.0.0",
				"process-nextick-args": "~2.0.0",
				"safe-buffer": "~5.1.1",
				"string_decoder": "~1.1.1",
				"util-deprecate": "~1.0.1"
			}
		},
		"rimraf": {
			"version": "2.6.3",
			"resolved": "https://registry.npmjs.org/rimraf/-/rimraf-2.6.3.tgz",
			"integrity": "sha512-mwqeW5XsA2qAejG46gYdENaxXjx9onRNCfn7L0duuP4hCuTIi/QO7PDK07KJfp1d+izWPrzEJDcSqBa0OZQriA==",
			"requires": {
				"glob": "^7.1.3"
			}
		},
		"safe-buffer": {
			"version": "5.1.2",
			"resolved": "https://registry.npmjs.org/safe-buffer/-/safe-buffer-5.1.2.tgz",
			"integrity": "sha512-Gd2UZBJDkXlY7GbJxfsE8/nvKkUEU1G38c1siN6QP6a9PT9MmHB8GnpscSmMJSoF8LOIrt8ud/wPtojys4G6+g=="
		},
		"split": {
			"version": "1.0.1",
			"resolved": "https://registry.npmjs.org/split/-/split-1.0.1.tgz",
			"integrity": "sha512-mTyOoPbrivtXnwnIxZRFYRrPNtEFKlpB2fvjSnCQUiAA6qAZzqwna5envK4uk6OIeP17CsdF3rSBGYVBsU0Tkg==",
			"requires": {
				"through": "2"
			}
		},
		"stream-each": {
			"version": "1.2.3",
			"resolved": "https://registry.npmjs.org/stream-each/-/stream-each-1.2.3.tgz",
			"integrity": "sha512-vlMC2f8I2u/bZGqkdfLQW/13Zihpej/7PmSiMQsbYddxuTsJp8vRe2x2FvVExZg7FaOds43ROAuFJwPR4MTZLw==",
			"requires": {
				"end-of-stream": "^1.1.0",
				"stream-shift": "^1.0.0"
			}
		},
		"stream-shift": {
			"version": "1.0.0",
			"resolved": "https://registry.npmjs.org/stream-shift/-/stream-shift-1.0.0.tgz",
			"integrity": "sha1-1cdSgl5TZ+eG944Y5EXqIjoVWVI="
		},
		"string_decoder": {
			"version": "1.1.1",
			"resolved": "https://registry.npmjs.org/string_decoder/-/string_decoder-1.1.1.tgz",
			"integrity": "sha512-n/ShnvDi6FHbbVfviro+WojiFzv+s8MPMHBczVePfUpDJLwoLT0ht1l4YwBCbi8pJAveEEdnkHyPyTP/mzRfwg==",
			"requires": {
				"safe-buffer": "~5.1.0"
			}
		},
		"supports-color": {
			"version": "7.2.0",
			"resolved": "https://registry.npmjs.org/supports-color/-/supports-color-7.2.0.tgz",
			"integrity": "sha512-qpCAvRl9stuOHveKsn7HncJRvv501qIacKzQlO/+Lwxc9+0q2wLyv4Dfvt80/DPn2pqOBsJdDiogXGR9+OvwRw==",
			"requires": {
				"has-flag": "^4.0.0"
			}
		},
		"through": {
			"version": "2.3.8",
			"resolved": "https://registry.npmjs.org/through/-/through-2.3.8.tgz",
			"integrity": "sha1-DdTJ/6q8NXlgsbckEV1+Doai4fU="
		},
		"through2": {
			"version": "2.0.5",
			"resolved": "https://registry.npmjs.org/through2/-/through2-2.0.5.tgz",
			"integrity": "sha512-/mrRod8xqpA+IHSLyGCQ2s8SPHiCDEeQJSep1jqLYeEUClOFG2Qsh+4FU6G9VeqpZnGW/Su8LQGc4YKni5rYSQ==",
			"requires": {
				"readable-stream": "~2.3.6",
				"xtend": "~4.0.1"
			}
		},
		"thunky": {
			"version": "1.0.3",
			"resolved": "https://registry.npmjs.org/thunky/-/thunky-1.0.3.tgz",
			"integrity": "sha512-YwT8pjmNcAXBZqrubu22P4FYsh2D4dxRmnWBOL8Jk8bUcRUtc5326kx32tuTmFDAZtLOGEVNl8POAR8j896Iow=="
		},
		"tmp": {
			"version": "0.0.28",
			"resolved": "https://registry.npmjs.org/tmp/-/tmp-0.0.28.tgz",
			"integrity": "sha1-Fyc1t/YU6nrzlmT6hM8N5OUV0SA=",
			"requires": {
				"os-tmpdir": "~1.0.1"
			}
		},
		"touch": {
			"version": "1.0.0",
			"resolved": "https://registry.npmjs.org/touch/-/touch-1.0.0.tgz",
			"integrity": "sha1-RJy+LbrlqMgDjjDXH6D/RklHxN4=",
			"requires": {
				"nopt": "~1.0.10"
			}
		},
		"typedarray": {
			"version": "0.0.6",
			"resolved": "https://registry.npmjs.org/typedarray/-/typedarray-0.0.6.tgz",
			"integrity": "sha1-hnrHTjhkGHsdPUfZlqeOxciDB3c="
		},
		"universalify": {
			"version": "0.1.2",
			"resolved": "https://registry.npmjs.org/universalify/-/universalify-0.1.2.tgz",
			"integrity": "sha512-rBJeI5CXAlmy1pV+617WB9J63U6XcazHHF2f2dbJix4XzpUF0RS3Zbj0FGIOCAva5P/d/GBOYaACQ1w+0azUkg=="
		},
		"util-deprecate": {
			"version": "1.0.2",
			"resolved": "https://registry.npmjs.org/util-deprecate/-/util-deprecate-1.0.2.tgz",
			"integrity": "sha1-RQ1Nyfpw3nMnYvvS1KKJgUGaDM8="
		},
		"wrappy": {
			"version": "1.0.2",
			"resolved": "https://registry.npmjs.org/wrappy/-/wrappy-1.0.2.tgz",
			"integrity": "sha1-tSQ9jz7BqjXxNkYFvA0QNuMKtp8="
		},
		"xtend": {
			"version": "4.0.1",
			"resolved": "https://registry.npmjs.org/xtend/-/xtend-4.0.1.tgz",
			"integrity": "sha1-pcbVMr5lbiPbgg77lDofBJmNY68="
		}
	}
}
